
Microsoft Visual Studio Solution File, Format Version 12.00
# Visual Studio 15
VisualStudioVersion = 15.0.26430.6
MinimumVisualStudioVersion = 10.0.40219.1
Project("{FAE04EC0-301F-11D3-BF4B-00C04F79EFBC}") = "TwitterStats", "TwitterStats\TwitterStats.csproj", "{2D6FE628-0DED-4BCC-A371-9669A5E0E260}"
EndProject
Project("{FAE04EC0-301F-11D3-BF4B-00C04F79EFBC}") = "TextStats", "TextStats\TextStats.csproj", "{710C6852-1B6C-4CAF-9429-DA4B835FBC33}"
EndProject
Project("{FAE04EC0-301F-11D3-BF4B-00C04F79EFBC}") = "UnitTests", "UnitTests\UnitTests.csproj", "{E6A19235-8EE7-4B76-B924-88208BC8C971}"
EndProject
Global
	GlobalSection(SolutionConfigurationPlatforms) = preSolution
		Debug|Any CPU = Debug|Any CPU
		Release|Any CPU = Release|Any CPU
	EndGlobalSection
	GlobalSection(ProjectConfigurationPlatforms) = postSolution
		{2D6FE628-0DED-4BCC-A371-9669A5E0E260}.Debug|Any CPU.ActiveCfg = Debug|Any CPU
		{2D6FE628-0DED-4BCC-A371-9669A5E0E260}.Debug|Any CPU.Build.0 = Debug|Any CPU
		{2D6FE628-0DED-4BCC-A371-9669A5E0E260}.Release|Any CPU.ActiveCfg = Release|Any CPU
		{2D6FE628-0DED-4BCC-A371-9669A5E0E260}.Release|Any CPU.Build.0 = Release|Any CPU
		{710C6852-1B6C-4CAF-9429-DA4B835FBC33}.Debug|Any CPU.ActiveCfg = Debug|Any CPU
		{710C6852-1B6C-4CAF-9429-DA4B835FBC33}.Debug|Any CPU.Build.0 = Debug|Any CPU
		{710C6852-1B6C-4CAF-9429-DA4B835FBC33}.Release|Any CPU.ActiveCfg = Release|Any CPU
		{710C6852-1B6C-4CAF-9429-DA4B835FBC33}.Release|Any CPU.Build.0 = Release|Any CPU
		{E6A19235-8EE7-4B76-B924-88208BC8C971}.Debug|Any CPU.ActiveCfg = Debug|Any CPU
		{E6A19235-8EE7-4B76-B924-88208BC8C971}.Debug|Any CPU.Build.0 = Debug|Any CPU
		{E6A19235-8EE7-4B76-B924-88208BC8C971}.Release|Any CPU.ActiveCfg = Release|Any CPU
		{E6A19235-8EE7-4B76-B924-88208BC8C971}.Release|Any CPU.Build.0 = Release|Any CPU
	EndGlobalSection
	GlobalSection(SolutionProperties) = preSolution
		HideSolutionNode = FALSE
	EndGlobalSection
EndGlobal
